
Microsoft Visual Studio Solution File, Format Version 12.00
# Visual Studio Version 16
VisualStudioVersion = 16.0.31702.278
MinimumVisualStudioVersion = 10.0.40219.1
Project("{FAE04EC0-301F-11D3-BF4B-00C04F79EFBC}") = "WFA_AtYarisi", "WFA_AtYarisi\WFA_AtYarisi.csproj", "{15FF6A1A-CA3C-44B1-A7B4-188EA554FDDC}"
EndProject
Global
	GlobalSection(SolutionConfigurationPlatforms) = preSolution
		Debug|Any CPU = Debug|Any CPU
		Release|Any CPU = Release|Any CPU
	EndGlobalSection
	GlobalSection(ProjectConfigurationPlatforms) = postSolution
		{15FF6A1A-CA3C-44B1-A7B4-188EA554FDDC}.Debug|Any CPU.ActiveCfg = Debug|Any CPU
		{15FF6A1A-CA3C-44B1-A7B4-188EA554FDDC}.Debug|Any CPU.Build.0 = Debug|Any CPU
		{15FF6A1A-CA3C-44B1-A7B4-188EA554FDDC}.Release|Any CPU.ActiveCfg = Release|Any CPU
		{15FF6A1A-CA3C-44B1-A7B4-188EA554FDDC}.Release|Any CPU.Build.0 = Release|Any CPU
	EndGlobalSection
	GlobalSection(SolutionProperties) = preSolution
		HideSolutionNode = FALSE
	EndGlobalSection
	GlobalSection(ExtensibilityGlobals) = postSolution
		SolutionGuid = {D4033E99-82E6-4056-ADE0-2429AE85EDFE}
	EndGlobalSection
EndGlobal
