
Microsoft Visual Studio Solution File, Format Version 12.00
# Visual Studio Version 16
VisualStudioVersion = 16.0.32126.315
MinimumVisualStudioVersion = 10.0.40219.1
Project("{FAE04EC0-301F-11D3-BF4B-00C04F79EFBC}") = "WFA_InsanKaynaklari", "WFA_InsanKaynaklari\WFA_InsanKaynaklari.csproj", "{BB5C3991-FD1B-41AF-B5B1-67E143A3E963}"
EndProject
Global
	GlobalSection(SolutionConfigurationPlatforms) = preSolution
		Debug|Any CPU = Debug|Any CPU
		Release|Any CPU = Release|Any CPU
	EndGlobalSection
	GlobalSection(ProjectConfigurationPlatforms) = postSolution
		{BB5C3991-FD1B-41AF-B5B1-67E143A3E963}.Debug|Any CPU.ActiveCfg = Debug|Any CPU
		{BB5C3991-FD1B-41AF-B5B1-67E143A3E963}.Debug|Any CPU.Build.0 = Debug|Any CPU
		{BB5C3991-FD1B-41AF-B5B1-67E143A3E963}.Release|Any CPU.ActiveCfg = Release|Any CPU
		{BB5C3991-FD1B-41AF-B5B1-67E143A3E963}.Release|Any CPU.Build.0 = Release|Any CPU
	EndGlobalSection
	GlobalSection(SolutionProperties) = preSolution
		HideSolutionNode = FALSE
	EndGlobalSection
	GlobalSection(ExtensibilityGlobals) = postSolution
		SolutionGuid = {9657C434-3C31-4615-9FC4-7812F5C18DA7}
	EndGlobalSection
EndGlobal
